PODS:
  - AFNetworking (3.2.1):
    - AFNetworking/NSURLSession (= 3.2.1)
    - AFNetworking/Reachability (= 3.2.1)
    - AFNetworking/Security (= 3.2.1)
    - AFNetworking/Serialization (= 3.2.1)
    - AFNetworking/UIKit (= 3.2.1)
  - AFNetworking/NSURLSession (3.2.1):
    - AFNetworking/Reachability
    - AFNetworking/Security
    - AFNetworking/Serialization
  - AFNetworking/Reachability (3.2.1)
  - AFNetworking/Security (3.2.1)
  - AFNetworking/Serialization (3.2.1)
  - AFNetworking/UIKit (3.2.1):
    - AFNetworking/NSURLSession
  - Aspects (1.4.1)
  - AXIndicatorView (0.1.1)
  - AXNavigationBackItemInjection (0.0.2)
  - AXPracticalHUD (2.1.4):
    - AXIndicatorView
  - AXWebViewController (0.7.2):
    - Aspects
    - AXNavigationBackItemInjection
    - AXPracticalHUD
    - NJKWebViewProgress
  - CHBaseUtil (1.0.7):
    - CHBaseUtil/FLEXInspector (= 1.0.7)
    - CHBaseUtil/JKDBModel (= 1.0.7)
    - CHBaseUtil/Router (= 1.0.7)
    - CHBaseUtil/Safe (= 1.0.7)
    - CHBaseUtil/UI (= 1.0.7)
    - CHBaseUtil/Util (= 1.0.7)
    - CHBaseUtil/VC (= 1.0.7)
  - CHBaseUtil/FLEXInspector (1.0.7)
  - CHBaseUtil/JKDBModel (1.0.7):
    - FMDB (~> 2.7.2)
  - CHBaseUtil/Router (1.0.7)
  - CHBaseUtil/Safe (1.0.7)
  - CHBaseUtil/UI (1.0.7)
  - CHBaseUtil/Util (1.0.7)
  - CHBaseUtil/VC (1.0.7)
  - FMDB (2.7.2):
    - FMDB/standard (= 2.7.2)
  - FMDB/standard (2.7.2)
  - JCore (1.2.2)
  - JPush (3.1.0):
    - JCore (~> 1.2.0)
  - Masonry (1.1.0)
  - NJKWebViewProgress (0.2.3):
    - NJKWebViewProgress/Core (= 0.2.3)
    - NJKWebViewProgress/ProgressView (= 0.2.3)
  - NJKWebViewProgress/Core (0.2.3)
  - NJKWebViewProgress/ProgressView (0.2.3)
  - SDCycleScrollView (1.75):
    - SDWebImage (>= 4.0.0)
  - SDWebImage (4.4.1):
    - SDWebImage/Core (= 4.4.1)
  - SDWebImage/Core (4.4.1)
  - StyledPageControl (1.0)
  - YYModel (1.0.4)

DEPENDENCIES:
  - AFNetworking (~> 3.2.1)
  - AXWebViewController (~> 0.7.2)
  - CHBaseUtil (~> 1.0.7)
  - JPush (~> 3.1.0)
  - Masonry (~> 1.1.0)
  - SDCycleScrollView (~> 1.75)
  - StyledPageControl (~> 1.0)
  - YYModel (~> 1.0.4)

SPEC REPOS:
  https://github.com/cocoapods/specs.git:
    - AFNetworking
    - Aspects
    - AXIndicatorView
    - AXNavigationBackItemInjection
    - AXPracticalHUD
    - AXWebViewController
    - CHBaseUtil
    - FMDB
    - JCore
    - JPush
    - Masonry
    - NJKWebViewProgress
    - SDCycleScrollView
    - SDWebImage
    - StyledPageControl
    - YYModel

SPEC CHECKSUMS:
  AFNetworking: b6f891fdfaed196b46c7a83cf209e09697b94057
  Aspects: 7595ba96a6727a58ebcbfc954497fc5d2fdde546
  AXIndicatorView: 566b490a2dd9781d4ffbcc9752be9b9cdc6e728e
  AXNavigationBackItemInjection: efe0446967f3cbcc85a9118decd1e145138912dd
  AXPracticalHUD: 821d170b31e050c426ef8754b07b4264a8b1d861
  AXWebViewController: 96566c473fce2806f4da696132b31777f5404c9f
  CHBaseUtil: 227a9b715a7bef6a24ad6c59d971990d74809fd9
  FMDB: 6198a90e7b6900cfc046e6bc0ef6ebb7be9236aa
  JCore: f14c0549968a63c22e246a4875aa9d428446f373
  JPush: 5921e25ad13e0386351079217b009f2039084eac
  Masonry: 678fab65091a9290e40e2832a55e7ab731aad201
  NJKWebViewProgress: f481fd424cb5ecc27eacae11b5397db92fba9a4d
  SDCycleScrollView: 884b88f0266dd4708a0e1934975c69cb971707b1
  SDWebImage: 47e9b5b925cbce75946c23f0c42dd19464189af4
  StyledPageControl: b49f33cb65b99370a78a490fac127b1ca6472fd0
  YYModel: 2a7fdd96aaa4b86a824e26d0c517de8928c04b30

PODFILE CHECKSUM: 0e51adaf2dcb896491b56a6c6a562eefb8208cac

COCOAPODS: 1.5.3
